
Microsoft Visual Studio Solution File, Format Version 12.00
# Visual Studio Version 17
VisualStudioVersion = 17.1.32421.90
MinimumVisualStudioVersion = 10.0.40219.1
Project("{9A19103F-16F7-4668-BE54-9A1E7A4F7556}") = "ClassReview", "ClassReview\ClassReview.csproj", "{AEAC7C3D-17CB-4ECB-BAD4-CB6941E150D2}"
EndProject
Project("{9A19103F-16F7-4668-BE54-9A1E7A4F7556}") = "ClassReview_Tests", "ClassReview_Tests\ClassReview_Tests.csproj", "{37375183-29E0-441F-ADF8-4C60524885E4}"
EndProject
Project("{9A19103F-16F7-4668-BE54-9A1E7A4F7556}") = "PigLatin", "PigLatin\PigLatin.csproj", "{0EA472F8-C7BD-428D-8EB6-387077FB535A}"
EndProject
Project("{9A19103F-16F7-4668-BE54-9A1E7A4F7556}") = "PigLatin_Tests", "PigLatin_Tests\PigLatin_Tests.csproj", "{EA091588-09FA-4D1D-A2D9-4DD4DEADB1B7}"
EndProject
Project("{9A19103F-16F7-4668-BE54-9A1E7A4F7556}") = "PracticePart1", "PracticePart1\PracticePart1.csproj", "{78E4BACC-8F8D-4C35-A854-FF96AE56687A}"
EndProject
Project("{9A19103F-16F7-4668-BE54-9A1E7A4F7556}") = "PracticePart1_Tests", "PracticePart1_Tests\PracticePart1_Tests.csproj", "{3B7720CD-9E15-4C98-8F63-B948DCBF0109}"
EndProject
Project("{9A19103F-16F7-4668-BE54-9A1E7A4F7556}") = "CalcApp", "CalcApp\CalcApp.csproj", "{512CDC14-9B70-4683-A3F5-2DCB60CCAA63}"
EndProject
Project("{9A19103F-16F7-4668-BE54-9A1E7A4F7556}") = "CalcApp_Tests", "CalcApp_Tests\CalcApp_Tests.csproj", "{F6158248-9390-412F-AC26-FEEC6C2D7F6A}"
EndProject
Project("{9A19103F-16F7-4668-BE54-9A1E7A4F7556}") = "Diamond", "Diamond\Diamond.csproj", "{777D9B03-14D9-433F-A582-10C74117268F}"
EndProject
Project("{9A19103F-16F7-4668-BE54-9A1E7A4F7556}") = "Diamond_Tests", "Diamond_Tests\Diamond_Tests.csproj", "{04C00608-3B48-4530-A4A0-39DE29AACCFF}"
EndProject
Project("{FAE04EC0-301F-11D3-BF4B-00C04F79EFBC}") = "ListDemo", "ListDemo\ListDemo.csproj", "{7875FDA0-7F86-454C-93ED-BA7AA690FA59}"
EndProject
Project("{FAE04EC0-301F-11D3-BF4B-00C04F79EFBC}") = "ListDemo_Tests", "ListDemo_Tests\ListDemo_Tests.csproj", "{8A75038F-AB58-43BC-AA29-4A427774F0AF}"
EndProject
Global
	GlobalSection(SolutionConfigurationPlatforms) = preSolution
		Debug|Any CPU = Debug|Any CPU
		Release|Any CPU = Release|Any CPU
	EndGlobalSection
	GlobalSection(ProjectConfigurationPlatforms) = postSolution
		{AEAC7C3D-17CB-4ECB-BAD4-CB6941E150D2}.Debug|Any CPU.ActiveCfg = Debug|Any CPU
		{AEAC7C3D-17CB-4ECB-BAD4-CB6941E150D2}.Debug|Any CPU.Build.0 = Debug|Any CPU
		{AEAC7C3D-17CB-4ECB-BAD4-CB6941E150D2}.Release|Any CPU.ActiveCfg = Release|Any CPU
		{AEAC7C3D-17CB-4ECB-BAD4-CB6941E150D2}.Release|Any CPU.Build.0 = Release|Any CPU
		{37375183-29E0-441F-ADF8-4C60524885E4}.Debug|Any CPU.ActiveCfg = Debug|Any CPU
		{37375183-29E0-441F-ADF8-4C60524885E4}.Debug|Any CPU.Build.0 = Debug|Any CPU
		{37375183-29E0-441F-ADF8-4C60524885E4}.Release|Any CPU.ActiveCfg = Release|Any CPU
		{37375183-29E0-441F-ADF8-4C60524885E4}.Release|Any CPU.Build.0 = Release|Any CPU
		{0EA472F8-C7BD-428D-8EB6-387077FB535A}.Debug|Any CPU.ActiveCfg = Debug|Any CPU
		{0EA472F8-C7BD-428D-8EB6-387077FB535A}.Debug|Any CPU.Build.0 = Debug|Any CPU
		{0EA472F8-C7BD-428D-8EB6-387077FB535A}.Release|Any CPU.ActiveCfg = Release|Any CPU
		{0EA472F8-C7BD-428D-8EB6-387077FB535A}.Release|Any CPU.Build.0 = Release|Any CPU
		{EA091588-09FA-4D1D-A2D9-4DD4DEADB1B7}.Debug|Any CPU.ActiveCfg = Debug|Any CPU
		{EA091588-09FA-4D1D-A2D9-4DD4DEADB1B7}.Debug|Any CPU.Build.0 = Debug|Any CPU
		{EA091588-09FA-4D1D-A2D9-4DD4DEADB1B7}.Release|Any CPU.ActiveCfg = Release|Any CPU
		{EA091588-09FA-4D1D-A2D9-4DD4DEADB1B7}.Release|Any CPU.Build.0 = Release|Any CPU
		{78E4BACC-8F8D-4C35-A854-FF96AE56687A}.Debug|Any CPU.ActiveCfg = Debug|Any CPU
		{78E4BACC-8F8D-4C35-A854-FF96AE56687A}.Debug|Any CPU.Build.0 = Debug|Any CPU
		{78E4BACC-8F8D-4C35-A854-FF96AE56687A}.Release|Any CPU.ActiveCfg = Release|Any CPU
		{78E4BACC-8F8D-4C35-A854-FF96AE56687A}.Release|Any CPU.Build.0 = Release|Any CPU
		{3B7720CD-9E15-4C98-8F63-B948DCBF0109}.Debug|Any CPU.ActiveCfg = Debug|Any CPU
		{3B7720CD-9E15-4C98-8F63-B948DCBF0109}.Debug|Any CPU.Build.0 = Debug|Any CPU
		{3B7720CD-9E15-4C98-8F63-B948DCBF0109}.Release|Any CPU.ActiveCfg = Release|Any CPU
		{3B7720CD-9E15-4C98-8F63-B948DCBF0109}.Release|Any CPU.Build.0 = Release|Any CPU
		{512CDC14-9B70-4683-A3F5-2DCB60CCAA63}.Debug|Any CPU.ActiveCfg = Debug|Any CPU
		{512CDC14-9B70-4683-A3F5-2DCB60CCAA63}.Debug|Any CPU.Build.0 = Debug|Any CPU
		{512CDC14-9B70-4683-A3F5-2DCB60CCAA63}.Release|Any CPU.ActiveCfg = Release|Any CPU
		{512CDC14-9B70-4683-A3F5-2DCB60CCAA63}.Release|Any CPU.Build.0 = Release|Any CPU
		{F6158248-9390-412F-AC26-FEEC6C2D7F6A}.Debug|Any CPU.ActiveCfg = Debug|Any CPU
		{F6158248-9390-412F-AC26-FEEC6C2D7F6A}.Debug|Any CPU.Build.0 = Debug|Any CPU
		{F6158248-9390-412F-AC26-FEEC6C2D7F6A}.Release|Any CPU.ActiveCfg = Release|Any CPU
		{F6158248-9390-412F-AC26-FEEC6C2D7F6A}.Release|Any CPU.Build.0 = Release|Any CPU
		{777D9B03-14D9-433F-A582-10C74117268F}.Debug|Any CPU.ActiveCfg = Debug|Any CPU
		{777D9B03-14D9-433F-A582-10C74117268F}.Debug|Any CPU.Build.0 = Debug|Any CPU
		{777D9B03-14D9-433F-A582-10C74117268F}.Release|Any CPU.ActiveCfg = Release|Any CPU
		{777D9B03-14D9-433F-A582-10C74117268F}.Release|Any CPU.Build.0 = Release|Any CPU
		{04C00608-3B48-4530-A4A0-39DE29AACCFF}.Debug|Any CPU.ActiveCfg = Debug|Any CPU
		{04C00608-3B48-4530-A4A0-39DE29AACCFF}.Debug|Any CPU.Build.0 = Debug|Any CPU
		{04C00608-3B48-4530-A4A0-39DE29AACCFF}.Release|Any CPU.ActiveCfg = Release|Any CPU
		{04C00608-3B48-4530-A4A0-39DE29AACCFF}.Release|Any CPU.Build.0 = Release|Any CPU
		{7875FDA0-7F86-454C-93ED-BA7AA690FA59}.Debug|Any CPU.ActiveCfg = Debug|Any CPU
		{7875FDA0-7F86-454C-93ED-BA7AA690FA59}.Debug|Any CPU.Build.0 = Debug|Any CPU
		{7875FDA0-7F86-454C-93ED-BA7AA690FA59}.Release|Any CPU.ActiveCfg = Release|Any CPU
		{7875FDA0-7F86-454C-93ED-BA7AA690FA59}.Release|Any CPU.Build.0 = Release|Any CPU
		{8A75038F-AB58-43BC-AA29-4A427774F0AF}.Debug|Any CPU.ActiveCfg = Debug|Any CPU
		{8A75038F-AB58-43BC-AA29-4A427774F0AF}.Debug|Any CPU.Build.0 = Debug|Any CPU
		{8A75038F-AB58-43BC-AA29-4A427774F0AF}.Release|Any CPU.ActiveCfg = Release|Any CPU
		{8A75038F-AB58-43BC-AA29-4A427774F0AF}.Release|Any CPU.Build.0 = Release|Any CPU
	EndGlobalSection
	GlobalSection(SolutionProperties) = preSolution
		HideSolutionNode = FALSE
	EndGlobalSection
	GlobalSection(ExtensibilityGlobals) = postSolution
		SolutionGuid = {BB48A466-AC66-453B-980D-7E41A591BA2B}
	EndGlobalSection
EndGlobal
